
Microsoft Visual Studio Solution File, Format Version 12.00
Project("{FAE04EC0-301F-11D3-BF4B-00C04F79EFBC}") = "Connector", "Connector\Connector.csproj", "{F1595C3E-E646-456C-80A4-B7580A9C692F}"
EndProject
Project("{FAE04EC0-301F-11D3-BF4B-00C04F79EFBC}") = "Common", "Support\Common\Common.csproj", "{03B7DAFD-CA31-445B-B272-B2E999FC0094}"
EndProject
Project("{FAE04EC0-301F-11D3-BF4B-00C04F79EFBC}") = "StorageShared", "Storage\StorageShared\StorageShared.csproj", "{248AAE40-549E-43AD-B42D-F701F8CCCEE1}"
EndProject
Project("{FAE04EC0-301F-11D3-BF4B-00C04F79EFBC}") = "PluginShared", "Plug-ins\PluginShared\PluginShared.csproj", "{91AE8C1D-52B1-4DF4-96F1-5A713D7CA151}"
EndProject
Project("{FAE04EC0-301F-11D3-BF4B-00C04F79EFBC}") = "Z-Info", "Plug-ins\Z-Info\Z-Info.csproj", "{FF3BF085-D374-41ED-92F6-9E22FE4A6EB1}"
EndProject
Project("{FAE04EC0-301F-11D3-BF4B-00C04F79EFBC}") = "DD-ECO-APIV2", "Plug-ins\DD-ECO-APIV2\DD-ECO-APIV2.csproj", "{0522E0B0-B642-46FA-ABB2-158EFC853731}"
EndProject
Project("{FAE04EC0-301F-11D3-BF4B-00C04F79EFBC}") = "DD-APIV2", "Plug-ins\DD-APIV2\DD-APIV2.csproj", "{2604EC1B-5CFA-49F1-9F3B-99D499378D8C}"
EndProject
Project("{2150E333-8FDC-42A3-9474-1A3956D46DE8}") = "Plug-ins", "Plug-ins", "{1D7F12B1-262E-40EC-A84B-A45B09970750}"
EndProject
Project("{2150E333-8FDC-42A3-9474-1A3956D46DE8}") = "Storage", "Storage", "{E01C89AB-2CF1-4726-88BD-1A2A04208863}"
EndProject
Project("{2150E333-8FDC-42A3-9474-1A3956D46DE8}") = "Support", "Support", "{0602FEBB-8C72-4FC5-9E4A-DEA6DE8918DF}"
EndProject
Project("{FAE04EC0-301F-11D3-BF4B-00C04F79EFBC}") = "CApiJsonStorage", "Storage\CApiJsonStorage\CApiJsonStorage.csproj", "{F026E1FA-DB4E-4039-BF51-6D95E33F8B6B}"
EndProject
Global
	GlobalSection(SolutionConfigurationPlatforms) = preSolution
		Debug|Any CPU = Debug|Any CPU
		Release|Any CPU = Release|Any CPU
	EndGlobalSection
	GlobalSection(ProjectConfigurationPlatforms) = postSolution
		{F1595C3E-E646-456C-80A4-B7580A9C692F}.Debug|Any CPU.ActiveCfg = Debug|Any CPU
		{F1595C3E-E646-456C-80A4-B7580A9C692F}.Debug|Any CPU.Build.0 = Debug|Any CPU
		{F1595C3E-E646-456C-80A4-B7580A9C692F}.Release|Any CPU.ActiveCfg = Release|Any CPU
		{F1595C3E-E646-456C-80A4-B7580A9C692F}.Release|Any CPU.Build.0 = Release|Any CPU
		{03B7DAFD-CA31-445B-B272-B2E999FC0094}.Debug|Any CPU.ActiveCfg = Debug|Any CPU
		{03B7DAFD-CA31-445B-B272-B2E999FC0094}.Debug|Any CPU.Build.0 = Debug|Any CPU
		{03B7DAFD-CA31-445B-B272-B2E999FC0094}.Release|Any CPU.ActiveCfg = Release|Any CPU
		{03B7DAFD-CA31-445B-B272-B2E999FC0094}.Release|Any CPU.Build.0 = Release|Any CPU
		{248AAE40-549E-43AD-B42D-F701F8CCCEE1}.Debug|Any CPU.ActiveCfg = Debug|Any CPU
		{248AAE40-549E-43AD-B42D-F701F8CCCEE1}.Debug|Any CPU.Build.0 = Debug|Any CPU
		{248AAE40-549E-43AD-B42D-F701F8CCCEE1}.Release|Any CPU.ActiveCfg = Release|Any CPU
		{248AAE40-549E-43AD-B42D-F701F8CCCEE1}.Release|Any CPU.Build.0 = Release|Any CPU
		{91AE8C1D-52B1-4DF4-96F1-5A713D7CA151}.Debug|Any CPU.ActiveCfg = Debug|Any CPU
		{91AE8C1D-52B1-4DF4-96F1-5A713D7CA151}.Debug|Any CPU.Build.0 = Debug|Any CPU
		{91AE8C1D-52B1-4DF4-96F1-5A713D7CA151}.Release|Any CPU.ActiveCfg = Release|Any CPU
		{91AE8C1D-52B1-4DF4-96F1-5A713D7CA151}.Release|Any CPU.Build.0 = Release|Any CPU
		{FF3BF085-D374-41ED-92F6-9E22FE4A6EB1}.Debug|Any CPU.ActiveCfg = Debug|Any CPU
		{FF3BF085-D374-41ED-92F6-9E22FE4A6EB1}.Debug|Any CPU.Build.0 = Debug|Any CPU
		{FF3BF085-D374-41ED-92F6-9E22FE4A6EB1}.Release|Any CPU.ActiveCfg = Release|Any CPU
		{FF3BF085-D374-41ED-92F6-9E22FE4A6EB1}.Release|Any CPU.Build.0 = Release|Any CPU
		{0522E0B0-B642-46FA-ABB2-158EFC853731}.Debug|Any CPU.ActiveCfg = Debug|Any CPU
		{0522E0B0-B642-46FA-ABB2-158EFC853731}.Debug|Any CPU.Build.0 = Debug|Any CPU
		{0522E0B0-B642-46FA-ABB2-158EFC853731}.Release|Any CPU.ActiveCfg = Release|Any CPU
		{0522E0B0-B642-46FA-ABB2-158EFC853731}.Release|Any CPU.Build.0 = Release|Any CPU
		{2604EC1B-5CFA-49F1-9F3B-99D499378D8C}.Debug|Any CPU.ActiveCfg = Debug|Any CPU
		{2604EC1B-5CFA-49F1-9F3B-99D499378D8C}.Debug|Any CPU.Build.0 = Debug|Any CPU
		{2604EC1B-5CFA-49F1-9F3B-99D499378D8C}.Release|Any CPU.ActiveCfg = Release|Any CPU
		{2604EC1B-5CFA-49F1-9F3B-99D499378D8C}.Release|Any CPU.Build.0 = Release|Any CPU
		{EE767162-A362-4731-A170-8705DD41780A}.Debug|Any CPU.ActiveCfg = Debug|Any CPU
		{EE767162-A362-4731-A170-8705DD41780A}.Debug|Any CPU.Build.0 = Debug|Any CPU
		{EE767162-A362-4731-A170-8705DD41780A}.Release|Any CPU.ActiveCfg = Release|Any CPU
		{EE767162-A362-4731-A170-8705DD41780A}.Release|Any CPU.Build.0 = Release|Any CPU
		{F026E1FA-DB4E-4039-BF51-6D95E33F8B6B}.Debug|Any CPU.ActiveCfg = Debug|Any CPU
		{F026E1FA-DB4E-4039-BF51-6D95E33F8B6B}.Debug|Any CPU.Build.0 = Debug|Any CPU
		{F026E1FA-DB4E-4039-BF51-6D95E33F8B6B}.Release|Any CPU.ActiveCfg = Release|Any CPU
		{F026E1FA-DB4E-4039-BF51-6D95E33F8B6B}.Release|Any CPU.Build.0 = Release|Any CPU
	EndGlobalSection
	GlobalSection(NestedProjects) = preSolution
		{91AE8C1D-52B1-4DF4-96F1-5A713D7CA151} = {1D7F12B1-262E-40EC-A84B-A45B09970750}
		{2604EC1B-5CFA-49F1-9F3B-99D499378D8C} = {1D7F12B1-262E-40EC-A84B-A45B09970750}
		{0522E0B0-B642-46FA-ABB2-158EFC853731} = {1D7F12B1-262E-40EC-A84B-A45B09970750}
		{248AAE40-549E-43AD-B42D-F701F8CCCEE1} = {E01C89AB-2CF1-4726-88BD-1A2A04208863}
		{FF3BF085-D374-41ED-92F6-9E22FE4A6EB1} = {1D7F12B1-262E-40EC-A84B-A45B09970750}
		{EE767162-A362-4731-A170-8705DD41780A} = {0602FEBB-8C72-4FC5-9E4A-DEA6DE8918DF}
		{03B7DAFD-CA31-445B-B272-B2E999FC0094} = {0602FEBB-8C72-4FC5-9E4A-DEA6DE8918DF}
		{F026E1FA-DB4E-4039-BF51-6D95E33F8B6B} = {E01C89AB-2CF1-4726-88BD-1A2A04208863}
	EndGlobalSection
EndGlobal
